// !$*UTF8*$!
{
	archiveVersion = 1;
	classes = {
	};
	objectVersion = 56;
	objects = {

/* Begin PBXBuildFile section */
		E62CFD512DCD007700B2C569 /* const.m in Sources */ = {isa = PBXBuildFile; fileRef = E62CFD502DCD007700B2C569 /* const.m */; };
		E683AC642DCB720D00757D35 /* fucker.h in Headers */ = {isa = PBXBuildFile; fileRef = E683AC632DCB720D00757D35 /* fucker.h */; };
		E683AC662DCB720D00757D35 /* fucker.m in Sources */ = {isa = PBXBuildFile; fileRef = E683AC652DCB720D00757D35 /* fucker.m */; };
		E683AC6F2DCB726200757D35 /* libdobby.a in Frameworks */ = {isa = PBXBuildFile; fileRef = E683AC6E2DCB726200757D35 /* libdobby.a */; };
/* End PBXBuildFile section */

/* Begin PBXFileReference section */
		E62CFD502DCD007700B2C569 /* const.m */ = {isa = PBXFileReference; lastKnownFileType = sourcecode.c.objc; path = const.m; sourceTree = "<group>"; };
		E683AC602DCB720D00757D35 /* libfucker.dylib */ = {isa = PBXFileReference; explicitFileType = "compiled.mach-o.dylib"; includeInIndex = 0; path = libfucker.dylib; sourceTree = BUILT_PRODUCTS_DIR; };
		E683AC632DCB720D00757D35 /* fucker.h */ = {isa = PBXFileReference; lastKnownFileType = sourcecode.c.h; path = fucker.h; sourceTree = "<group>"; };
		E683AC652DCB720D00757D35 /* fucker.m */ = {isa = PBXFileReference; lastKnownFileType = sourcecode.c.objc; path = fucker.m; sourceTree = "<group>"; };
		E683AC6D2DCB725800757D35 /* dobby */ = {isa = PBXFileReference; lastKnownFileType = folder; path = dobby; sourceTree = "<group>"; };
		E683AC6E2DCB726200757D35 /* libdobby.a */ = {isa = PBXFileReference; lastKnownFileType = archive.ar; path = libdobby.a; sourceTree = "<group>"; };
/* End PBXFileReference section */

/* Begin PBXFrameworksBuildPhase section */
		E683AC5E2DCB720D00757D35 /* Frameworks */ = {
			isa = PBXFrameworksBuildPhase;
			buildActionMask = 2147483647;
			files = (
				E683AC6F2DCB726200757D35 /* libdobby.a in Frameworks */,
			);
			runOnlyForDeploymentPostprocessing = 0;
		};
/* End PBXFrameworksBuildPhase section */

/* Begin PBXGroup section */
		E683AC572DCB720D00757D35 = {
			isa = PBXGroup;
			children = (
				E683AC6C2DCB721500757D35 /* libs */,
				E683AC622DCB720D00757D35 /* fucker */,
				E683AC612DCB720D00757D35 /* Products */,
			);
			sourceTree = "<group>";
		};
		E683AC612DCB720D00757D35 /* Products */ = {
			isa = PBXGroup;
			children = (
				E683AC602DCB720D00757D35 /* libfucker.dylib */,
			);
			name = Products;
			sourceTree = "<group>";
		};
		E683AC622DCB720D00757D35 /* fucker */ = {
			isa = PBXGroup;
			children = (
				E683AC6D2DCB725800757D35 /* dobby */,
				E683AC632DCB720D00757D35 /* fucker.h */,
				E683AC652DCB720D00757D35 /* fucker.m */,
				E62CFD502DCD007700B2C569 /* const.m */,
			);
			path = fucker;
			sourceTree = "<group>";
		};
		E683AC6C2DCB721500757D35 /* libs */ = {
			isa = PBXGroup;
			children = (
				E683AC6E2DCB726200757D35 /* libdobby.a */,
			);
			path = libs;
			sourceTree = "<group>";
		};
/* End PBXGroup section */

/* Begin PBXHeadersBuildPhase section */
		E683AC5C2DCB720D00757D35 /* Headers */ = {
			isa = PBXHeadersBuildPhase;
			buildActionMask = 2147483647;
			files = (
				E683AC642DCB720D00757D35 /* fucker.h in Headers */,
			);
			runOnlyForDeploymentPostprocessing = 0;
		};
/* End PBXHeadersBuildPhase section */

/* Begin PBXNativeTarget section */
		E683AC5F2DCB720D00757D35 /* fucker */ = {
			isa = PBXNativeTarget;
			buildConfigurationList = E683AC692DCB720D00757D35 /* Build configuration list for PBXNativeTarget "fucker" */;
			buildPhases = (
				E683AC5C2DCB720D00757D35 /* Headers */,
				E683AC5D2DCB720D00757D35 /* Sources */,
				E683AC5E2DCB720D00757D35 /* Frameworks */,
			);
			buildRules = (
			);
			dependencies = (
			);
			name = fucker;
			productName = fucker;
			productReference = E683AC602DCB720D00757D35 /* libfucker.dylib */;
			productType = "com.apple.product-type.library.dynamic";
		};
/* End PBXNativeTarget section */

/* Begin PBXProject section */
		E683AC582DCB720D00757D35 /* Project object */ = {
			isa = PBXProject;
			attributes = {
				BuildIndependentTargetsInParallel = 1;
				LastUpgradeCheck = 1510;
				TargetAttributes = {
					E683AC5F2DCB720D00757D35 = {
						CreatedOnToolsVersion = 15.1;
					};
				};
			};
			buildConfigurationList = E683AC5B2DCB720D00757D35 /* Build configuration list for PBXProject "fucker" */;
			compatibilityVersion = "Xcode 14.0";
			developmentRegion = en;
			hasScannedForEncodings = 0;
			knownRegions = (
				en,
				Base,
			);
			mainGroup = E683AC572DCB720D00757D35;
			productRefGroup = E683AC612DCB720D00757D35 /* Products */;
			projectDirPath = "";
			projectRoot = "";
			targets = (
				E683AC5F2DCB720D00757D35 /* fucker */,
			);
		};
/* End PBXProject section */

/* Begin PBXSourcesBuildPhase section */
		E683AC5D2DCB720D00757D35 /* Sources */ = {
			isa = PBXSourcesBuildPhase;
			buildActionMask = 2147483647;
			files = (
				E683AC662DCB720D00757D35 /* fucker.m in Sources */,
				E62CFD512DCD007700B2C569 /* const.m in Sources */,
			);
			runOnlyForDeploymentPostprocessing = 0;
		};
/* End PBXSourcesBuildPhase section */

/* Begin XCBuildConfiguration section */
		E683AC672DCB720D00757D35 /* Debug */ = {
			isa = XCBuildConfiguration;
			buildSettings = {
				ALWAYS_SEARCH_USER_PATHS = NO;
				ASSETCATALOG_COMPILER_GENERATE_SWIFT_ASSET_SYMBOL_EXTENSIONS = YES;
				CLANG_ANALYZER_NONNULL = YES;
				CLANG_ANALYZER_NUMBER_OBJECT_CONVERSION = YES_AGGRESSIVE;
				CLANG_CXX_LANGUAGE_STANDARD = "gnu++20";
				CLANG_ENABLE_MODULES = YES;
				CLANG_ENABLE_OBJC_ARC = YES;
				CLANG_ENABLE_OBJC_WEAK = YES;
				CLANG_WARN_BLOCK_CAPTURE_AUTORELEASING = YES;
				CLANG_WARN_BOOL_CONVERSION = YES;
				CLANG_WARN_COMMA = YES;
				CLANG_WARN_CONSTANT_CONVERSION = YES;
				CLANG_WARN_DEPRECATED_OBJC_IMPLEMENTATIONS = YES;
				CLANG_WARN_DIRECT_OBJC_ISA_USAGE = YES_ERROR;
				CLANG_WARN_DOCUMENTATION_COMMENTS = YES;
				CLANG_WARN_EMPTY_BODY = YES;
				CLANG_WARN_ENUM_CONVERSION = YES;
				CLANG_WARN_INFINITE_RECURSION = YES;
				CLANG_WARN_INT_CONVERSION = YES;
				CLANG_WARN_NON_LITERAL_NULL_CONVERSION = YES;
				CLANG_WARN_OBJC_IMPLICIT_RETAIN_SELF = YES;
				CLANG_WARN_OBJC_LITERAL_CONVERSION = YES;
				CLANG_WARN_OBJC_ROOT_CLASS = YES_ERROR;
				CLANG_WARN_QUOTED_INCLUDE_IN_FRAMEWORK_HEADER = YES;
				CLANG_WARN_RANGE_LOOP_ANALYSIS = YES;
				CLANG_WARN_STRICT_PROTOTYPES = YES;
				CLANG_WARN_SUSPICIOUS_MOVE = YES;
				CLANG_WARN_UNGUARDED_AVAILABILITY = YES_AGGRESSIVE;
				CLANG_WARN_UNREACHABLE_CODE = YES;
				CLANG_WARN__DUPLICATE_METHOD_MATCH = YES;
				COPY_PHASE_STRIP = NO;
				DEBUG_INFORMATION_FORMAT = dwarf;
				ENABLE_STRICT_OBJC_MSGSEND = YES;
				ENABLE_TESTABILITY = YES;
				ENABLE_USER_SCRIPT_SANDBOXING = YES;
				GCC_C_LANGUAGE_STANDARD = gnu17;
				GCC_DYNAMIC_NO_PIC = NO;
				GCC_NO_COMMON_BLOCKS = YES;
				GCC_OPTIMIZATION_LEVEL = 0;
				GCC_PREPROCESSOR_DEFINITIONS = (
					"DEBUG=1",
					"$(inherited)",
				);
				GCC_WARN_64_TO_32_BIT_CONVERSION = YES;
				GCC_WARN_ABOUT_RETURN_TYPE = YES_ERROR;
				GCC_WARN_UNDECLARED_SELECTOR = YES;
				GCC_WARN_UNINITIALIZED_AUTOS = YES_AGGRESSIVE;
				GCC_WARN_UNUSED_FUNCTION = YES;
				GCC_WARN_UNUSED_VARIABLE = YES;
				LOCALIZATION_PREFERS_STRING_CATALOGS = YES;
				MACOSX_DEPLOYMENT_TARGET = 13.7;
				MTL_ENABLE_DEBUG_INFO = INCLUDE_SOURCE;
				MTL_FAST_MATH = YES;
				ONLY_ACTIVE_ARCH = YES;
				SDKROOT = macosx;
			};
			name = Debug;
		};
		E683AC682DCB720D00757D35 /* Release */ = {
			isa = XCBuildConfiguration;
			buildSettings = {
				ALWAYS_SEARCH_USER_PATHS = NO;
				ASSETCATALOG_COMPILER_GENERATE_SWIFT_ASSET_SYMBOL_EXTENSIONS = YES;
				CLANG_ANALYZER_NONNULL = YES;
				CLANG_ANALYZER_NUMBER_OBJECT_CONVERSION = YES_AGGRESSIVE;
				CLANG_CXX_LANGUAGE_STANDARD = "gnu++20";
				CLANG_ENABLE_MODULES = YES;
				CLANG_ENABLE_OBJC_ARC = YES;
				CLANG_ENABLE_OBJC_WEAK = YES;
				CLANG_WARN_BLOCK_CAPTURE_AUTORELEASING = YES;
				CLANG_WARN_BOOL_CONVERSION = YES;
				CLANG_WARN_COMMA = YES;
				CLANG_WARN_CONSTANT_CONVERSION = YES;
				CLANG_WARN_DEPRECATED_OBJC_IMPLEMENTATIONS = YES;
				CLANG_WARN_DIRECT_OBJC_ISA_USAGE = YES_ERROR;
				CLANG_WARN_DOCUMENTATION_COMMENTS = YES;
				CLANG_WARN_EMPTY_BODY = YES;
				CLANG_WARN_ENUM_CONVERSION = YES;
				CLANG_WARN_INFINITE_RECURSION = YES;
				CLANG_WARN_INT_CONVERSION = YES;
				CLANG_WARN_NON_LITERAL_NULL_CONVERSION = YES;
				CLANG_WARN_OBJC_IMPLICIT_RETAIN_SELF = YES;
				CLANG_WARN_OBJC_LITERAL_CONVERSION = YES;
				CLANG_WARN_OBJC_ROOT_CLASS = YES_ERROR;
				CLANG_WARN_QUOTED_INCLUDE_IN_FRAMEWORK_HEADER = YES;
				CLANG_WARN_RANGE_LOOP_ANALYSIS = YES;
				CLANG_WARN_STRICT_PROTOTYPES = YES;
				CLANG_WARN_SUSPICIOUS_MOVE = YES;
				CLANG_WARN_UNGUARDED_AVAILABILITY = YES_AGGRESSIVE;
				CLANG_WARN_UNREACHABLE_CODE = YES;
				CLANG_WARN__DUPLICATE_METHOD_MATCH = YES;
				COPY_PHASE_STRIP = NO;
				DEBUG_INFORMATION_FORMAT = "dwarf-with-dsym";
				ENABLE_NS_ASSERTIONS = NO;
				ENABLE_STRICT_OBJC_MSGSEND = YES;
				ENABLE_USER_SCRIPT_SANDBOXING = YES;
				GCC_C_LANGUAGE_STANDARD = gnu17;
				GCC_NO_COMMON_BLOCKS = YES;
				GCC_WARN_64_TO_32_BIT_CONVERSION = YES;
				GCC_WARN_ABOUT_RETURN_TYPE = YES_ERROR;
				GCC_WARN_UNDECLARED_SELECTOR = YES;
				GCC_WARN_UNINITIALIZED_AUTOS = YES_AGGRESSIVE;
				GCC_WARN_UNUSED_FUNCTION = YES;
				GCC_WARN_UNUSED_VARIABLE = YES;
				LOCALIZATION_PREFERS_STRING_CATALOGS = YES;
				MACOSX_DEPLOYMENT_TARGET = 13.7;
				MTL_ENABLE_DEBUG_INFO = NO;
				MTL_FAST_MATH = YES;
				SDKROOT = macosx;
			};
			name = Release;
		};
		E683AC6A2DCB720D00757D35 /* Debug */ = {
			isa = XCBuildConfiguration;
			buildSettings = {
				CODE_SIGN_STYLE = Automatic;
				DEVELOPMENT_TEAM = JSZKDCFALZ;
				DYLIB_COMPATIBILITY_VERSION = 1;
				DYLIB_CURRENT_VERSION = 1;
				EXECUTABLE_PREFIX = lib;
				LIBRARY_SEARCH_PATHS = (
					"$(inherited)",
					"$(PROJECT_DIR)/libs",
				);
				OTHER_LDFLAGS = (
					"-lDobby",
					"-lc++",
				);
				PRODUCT_NAME = "$(TARGET_NAME)";
				SKIP_INSTALL = YES;
			};
			name = Debug;
		};
		E683AC6B2DCB720D00757D35 /* Release */ = {
			isa = XCBuildConfiguration;
			buildSettings = {
				CODE_SIGN_STYLE = Automatic;
				DEVELOPMENT_TEAM = JSZKDCFALZ;
				DYLIB_COMPATIBILITY_VERSION = 1;
				DYLIB_CURRENT_VERSION = 1;
				EXECUTABLE_PREFIX = lib;
				LIBRARY_SEARCH_PATHS = (
					"$(inherited)",
					"$(PROJECT_DIR)/libs",
				);
				ONLY_ACTIVE_ARCH = YES;
				OTHER_LDFLAGS = (
					"-lDobby",
					"-lc++",
				);
				PRODUCT_NAME = "$(TARGET_NAME)";
				SKIP_INSTALL = YES;
			};
			name = Release;
		};
/* End XCBuildConfiguration section */

/* Begin XCConfigurationList section */
		E683AC5B2DCB720D00757D35 /* Build configuration list for PBXProject "fucker" */ = {
			isa = XCConfigurationList;
			buildConfigurations = (
				E683AC672DCB720D00757D35 /* Debug */,
				E683AC682DCB720D00757D35 /* Release */,
			);
			defaultConfigurationIsVisible = 0;
			defaultConfigurationName = Release;
		};
		E683AC692DCB720D00757D35 /* Build configuration list for PBXNativeTarget "fucker" */ = {
			isa = XCConfigurationList;
			buildConfigurations = (
				E683AC6A2DCB720D00757D35 /* Debug */,
				E683AC6B2DCB720D00757D35 /* Release */,
			);
			defaultConfigurationIsVisible = 0;
			defaultConfigurationName = Release;
		};
/* End XCConfigurationList section */
	};
	rootObject = E683AC582DCB720D00757D35 /* Project object */;
}
